<Solution>
  <Project Path="Array Fanctions/Array Fanctions.csproj" Id="78f43221-c7c9-4697-976a-94710babf12b" />
  <Project Path="Csharp_Fundamentals_Training/Csharp_Fundamentals_Training.csproj" />
  <Project Path="ListsFunction/ListsFunction.csproj" Id="1481306f-256a-44cb-ada4-45a51d2be57f" />
  <Project Path="Mini Flight Management System/Mini Flight Management System.csproj" Id="3e5321cf-6ea2-485d-ab54-c3e12f0f40c5" />
  <Project Path="Stack/Stack.csproj" Id="2670de2a-4e63-467d-b3fa-4b645f5b1240" />
</Solution>
